
Microsoft Visual Studio Solution File, Format Version 12.00
# Visual Studio Version 17
VisualStudioVersion = 17.12.35506.116
MinimumVisualStudioVersion = 10.0.40219.1
Project("{FAE04EC0-301F-11D3-BF4B-00C04F79EFBC}") = "Mixvel.Api", "src\Mixvel.Api\Mixvel.Api.csproj", "{F5EC20E6-68D0-4B66-9296-1DD7E610EE5A}"
EndProject
Project("{FAE04EC0-301F-11D3-BF4B-00C04F79EFBC}") = "Mixvel.Api.Tests", "tests\Mixvel.Api.Tests\Mixvel.Api.Tests.csproj", "{235718D0-4974-4D34-9641-8D4697BA4623}"
EndProject
Project("{2150E333-8FDC-42A3-9474-1A3956D46DE8}") = "src", "src", "{0C950F89-14BA-4425-A82B-8C8674320036}"
EndProject
Project("{2150E333-8FDC-42A3-9474-1A3956D46DE8}") = "tests", "tests", "{438963E8-EEA7-4955-89E4-451112B01EF2}"
EndProject
Global
	GlobalSection(SolutionConfigurationPlatforms) = preSolution
		Debug|Any CPU = Debug|Any CPU
		Release|Any CPU = Release|Any CPU
	EndGlobalSection
	GlobalSection(ProjectConfigurationPlatforms) = postSolution
		{F5EC20E6-68D0-4B66-9296-1DD7E610EE5A}.Debug|Any CPU.ActiveCfg = Debug|Any CPU
		{F5EC20E6-68D0-4B66-9296-1DD7E610EE5A}.Debug|Any CPU.Build.0 = Debug|Any CPU
		{F5EC20E6-68D0-4B66-9296-1DD7E610EE5A}.Release|Any CPU.ActiveCfg = Release|Any CPU
		{F5EC20E6-68D0-4B66-9296-1DD7E610EE5A}.Release|Any CPU.Build.0 = Release|Any CPU
		{235718D0-4974-4D34-9641-8D4697BA4623}.Debug|Any CPU.ActiveCfg = Debug|Any CPU
		{235718D0-4974-4D34-9641-8D4697BA4623}.Debug|Any CPU.Build.0 = Debug|Any CPU
		{235718D0-4974-4D34-9641-8D4697BA4623}.Release|Any CPU.ActiveCfg = Release|Any CPU
		{235718D0-4974-4D34-9641-8D4697BA4623}.Release|Any CPU.Build.0 = Release|Any CPU
	EndGlobalSection
	GlobalSection(SolutionProperties) = preSolution
		HideSolutionNode = FALSE
	EndGlobalSection
	GlobalSection(NestedProjects) = preSolution
		{F5EC20E6-68D0-4B66-9296-1DD7E610EE5A} = {0C950F89-14BA-4425-A82B-8C8674320036}
		{235718D0-4974-4D34-9641-8D4697BA4623} = {438963E8-EEA7-4955-89E4-451112B01EF2}
	EndGlobalSection
EndGlobal
